
Microsoft Visual Studio Solution File, Format Version 12.00
# Visual Studio Version 16
VisualStudioVersion = 16.0.29123.88
MinimumVisualStudioVersion = 10.0.40219.1
Project("{FAE04EC0-301F-11D3-BF4B-00C04F79EFBC}") = "Demo CICD Application", "Demo CICD Application\Demo CICD Application.csproj", "{F9E91F68-63AA-4B06-9A00-C349FE250393}"
EndProject
Global
	GlobalSection(SolutionConfigurationPlatforms) = preSolution
		Debug|Any CPU = Debug|Any CPU
		Release|Any CPU = Release|Any CPU
	EndGlobalSection
	GlobalSection(ProjectConfigurationPlatforms) = postSolution
		{F9E91F68-63AA-4B06-9A00-C349FE250393}.Debug|Any CPU.ActiveCfg = Debug|Any CPU
		{F9E91F68-63AA-4B06-9A00-C349FE250393}.Debug|Any CPU.Build.0 = Debug|Any CPU
		{F9E91F68-63AA-4B06-9A00-C349FE250393}.Release|Any CPU.ActiveCfg = Release|Any CPU
		{F9E91F68-63AA-4B06-9A00-C349FE250393}.Release|Any CPU.Build.0 = Release|Any CPU
	EndGlobalSection
	GlobalSection(SolutionProperties) = preSolution
		HideSolutionNode = FALSE
	EndGlobalSection
	GlobalSection(ExtensibilityGlobals) = postSolution
		SolutionGuid = {26E6D0BB-8364-45D6-AE2F-2B13AB64217F}
	EndGlobalSection
EndGlobal
